
Microsoft Visual Studio Solution File, Format Version 12.00
# Visual Studio Version 16
VisualStudioVersion = 16.0.30114.105
MinimumVisualStudioVersion = 10.0.40219.1
Project("{2150E333-8FDC-42A3-9474-1A3956D46DE8}") = "src", "src", "{AA088950-92CE-4A23-B7DE-02FD05841315}"
EndProject
Project("{F2A71F9B-5D33-465A-A702-920D77279786}") = "NetInventory", "src\NetInventory\NetInventory.fsproj", "{3455B408-9145-459B-A597-CF861EE0E321}"
EndProject
Project("{F2A71F9B-5D33-465A-A702-920D77279786}") = "Infrastructure", "src\Infrastructure\Infrastructure.fsproj", "{B150602A-B921-4719-B26F-81B8F69B3C6F}"
EndProject
Global
	GlobalSection(SolutionProperties) = preSolution
		HideSolutionNode = FALSE
	EndGlobalSection
	GlobalSection(SolutionConfigurationPlatforms) = preSolution
		Debug|Any CPU = Debug|Any CPU
		Debug|x64 = Debug|x64
		Debug|x86 = Debug|x86
		Release|Any CPU = Release|Any CPU
		Release|x64 = Release|x64
		Release|x86 = Release|x86
	EndGlobalSection
	GlobalSection(ProjectConfigurationPlatforms) = postSolution
		{3455B408-9145-459B-A597-CF861EE0E321}.Debug|Any CPU.ActiveCfg = Debug|Any CPU
		{3455B408-9145-459B-A597-CF861EE0E321}.Debug|Any CPU.Build.0 = Debug|Any CPU
		{3455B408-9145-459B-A597-CF861EE0E321}.Debug|x64.ActiveCfg = Debug|Any CPU
		{3455B408-9145-459B-A597-CF861EE0E321}.Debug|x64.Build.0 = Debug|Any CPU
		{3455B408-9145-459B-A597-CF861EE0E321}.Debug|x86.ActiveCfg = Debug|Any CPU
		{3455B408-9145-459B-A597-CF861EE0E321}.Debug|x86.Build.0 = Debug|Any CPU
		{3455B408-9145-459B-A597-CF861EE0E321}.Release|Any CPU.ActiveCfg = Release|Any CPU
		{3455B408-9145-459B-A597-CF861EE0E321}.Release|Any CPU.Build.0 = Release|Any CPU
		{3455B408-9145-459B-A597-CF861EE0E321}.Release|x64.ActiveCfg = Release|Any CPU
		{3455B408-9145-459B-A597-CF861EE0E321}.Release|x64.Build.0 = Release|Any CPU
		{3455B408-9145-459B-A597-CF861EE0E321}.Release|x86.ActiveCfg = Release|Any CPU
		{3455B408-9145-459B-A597-CF861EE0E321}.Release|x86.Build.0 = Release|Any CPU
		{B150602A-B921-4719-B26F-81B8F69B3C6F}.Debug|Any CPU.ActiveCfg = Debug|Any CPU
		{B150602A-B921-4719-B26F-81B8F69B3C6F}.Debug|Any CPU.Build.0 = Debug|Any CPU
		{B150602A-B921-4719-B26F-81B8F69B3C6F}.Debug|x64.ActiveCfg = Debug|Any CPU
		{B150602A-B921-4719-B26F-81B8F69B3C6F}.Debug|x64.Build.0 = Debug|Any CPU
		{B150602A-B921-4719-B26F-81B8F69B3C6F}.Debug|x86.ActiveCfg = Debug|Any CPU
		{B150602A-B921-4719-B26F-81B8F69B3C6F}.Debug|x86.Build.0 = Debug|Any CPU
		{B150602A-B921-4719-B26F-81B8F69B3C6F}.Release|Any CPU.ActiveCfg = Release|Any CPU
		{B150602A-B921-4719-B26F-81B8F69B3C6F}.Release|Any CPU.Build.0 = Release|Any CPU
		{B150602A-B921-4719-B26F-81B8F69B3C6F}.Release|x64.ActiveCfg = Release|Any CPU
		{B150602A-B921-4719-B26F-81B8F69B3C6F}.Release|x64.Build.0 = Release|Any CPU
		{B150602A-B921-4719-B26F-81B8F69B3C6F}.Release|x86.ActiveCfg = Release|Any CPU
		{B150602A-B921-4719-B26F-81B8F69B3C6F}.Release|x86.Build.0 = Release|Any CPU
	EndGlobalSection
	GlobalSection(NestedProjects) = preSolution
		{3455B408-9145-459B-A597-CF861EE0E321} = {AA088950-92CE-4A23-B7DE-02FD05841315}
		{B150602A-B921-4719-B26F-81B8F69B3C6F} = {AA088950-92CE-4A23-B7DE-02FD05841315}
	EndGlobalSection
EndGlobal
